
Microsoft Visual Studio Solution File, Format Version 12.00
# Visual Studio Version 17
VisualStudioVersion = 17.11.35303.130
MinimumVisualStudioVersion = 10.0.40219.1
Project("{FAE04EC0-301F-11D3-BF4B-00C04F79EFBC}") = "CalcularAreaRectangulo", "CalcularAreaRectangulo.csproj", "{1AB28779-34DB-4390-8253-5BDD9CE70560}"
EndProject
Global
	GlobalSection(SolutionConfigurationPlatforms) = preSolution
		Debug|Any CPU = Debug|Any CPU
		Release|Any CPU = Release|Any CPU
	EndGlobalSection
	GlobalSection(ProjectConfigurationPlatforms) = postSolution
		{1AB28779-34DB-4390-8253-5BDD9CE70560}.Debug|Any CPU.ActiveCfg = Debug|Any CPU
		{1AB28779-34DB-4390-8253-5BDD9CE70560}.Debug|Any CPU.Build.0 = Debug|Any CPU
		{1AB28779-34DB-4390-8253-5BDD9CE70560}.Release|Any CPU.ActiveCfg = Release|Any CPU
		{1AB28779-34DB-4390-8253-5BDD9CE70560}.Release|Any CPU.Build.0 = Release|Any CPU
	EndGlobalSection
	GlobalSection(SolutionProperties) = preSolution
		HideSolutionNode = FALSE
	EndGlobalSection
	GlobalSection(ExtensibilityGlobals) = postSolution
		SolutionGuid = {0F91A31C-560E-43A2-B0F5-1B2078442C0E}
	EndGlobalSection
EndGlobal
